
Microsoft Visual Studio Solution File, Format Version 12.00
# Visual Studio Version 16
VisualStudioVersion = 16.0.809.8
MinimumVisualStudioVersion = 10.0.40219.1
Project("{FAE04EC0-301F-11D3-BF4B-00C04F79EFBC}") = "ClipboardManager_MacOS", "ClipboardManager_MacOS.csproj", "{3DB42E79-0FB4-440D-88DC-07620762DAC0}"
EndProject
Global
	GlobalSection(SolutionConfigurationPlatforms) = preSolution
		Debug|Any CPU = Debug|Any CPU
		Release|Any CPU = Release|Any CPU
	EndGlobalSection
	GlobalSection(ProjectConfigurationPlatforms) = postSolution
		{3DB42E79-0FB4-440D-88DC-07620762DAC0}.Debug|Any CPU.ActiveCfg = Debug|Any CPU
		{3DB42E79-0FB4-440D-88DC-07620762DAC0}.Debug|Any CPU.Build.0 = Debug|Any CPU
		{3DB42E79-0FB4-440D-88DC-07620762DAC0}.Release|Any CPU.ActiveCfg = Release|Any CPU
		{3DB42E79-0FB4-440D-88DC-07620762DAC0}.Release|Any CPU.Build.0 = Release|Any CPU
	EndGlobalSection
	GlobalSection(SolutionProperties) = preSolution
		HideSolutionNode = FALSE
	EndGlobalSection
	GlobalSection(ExtensibilityGlobals) = postSolution
		SolutionGuid = {B38F2F18-CB4D-4CD4-85CB-632D0C5E215D}
	EndGlobalSection
EndGlobal
